// !$*UTF8*$!
{
	archiveVersion = 1;
	classes = {
	};
	objectVersion = 56;
	objects = {

/* Begin PBXBuildFile section */
		752E8A0829EE568F0049E5E1 /* PanCyrApp.swift in Sources */ = {isa = PBXBuildFile; fileRef = 752E8A0729EE568F0049E5E1 /* PanCyrApp.swift */; };
		752E8A0A29EE568F0049E5E1 /* ContentView.swift in Sources */ = {isa = PBXBuildFile; fileRef = 752E8A0929EE568F0049E5E1 /* ContentView.swift */; };
		752E8A0C29EE56940049E5E1 /* Assets.xcassets in Resources */ = {isa = PBXBuildFile; fileRef = 752E8A0B29EE56940049E5E1 /* Assets.xcassets */; };
		752E8A0F29EE56940049E5E1 /* Preview Assets.xcassets in Resources */ = {isa = PBXBuildFile; fileRef = 752E8A0E29EE56940049E5E1 /* Preview Assets.xcassets */; };
		752E8A1C29EE57390049E5E1 /* KeyboardViewController.swift in Sources */ = {isa = PBXBuildFile; fileRef = 752E8A1B29EE57390049E5E1 /* KeyboardViewController.swift */; };
		752E8A2029EE57390049E5E1 /* PCKeyboard.appex in Embed Foundation Extensions */ = {isa = PBXBuildFile; fileRef = 752E8A1929EE57390049E5E1 /* PCKeyboard.appex */; settings = {ATTRIBUTES = (RemoveHeadersOnCopy, ); }; };
		752E8A2629EE62240049E5E1 /* KeyboardView.swift in Sources */ = {isa = PBXBuildFile; fileRef = 752E8A2529EE62230049E5E1 /* KeyboardView.swift */; };
/* End PBXBuildFile section */

/* Begin PBXContainerItemProxy section */
		752E8A1E29EE57390049E5E1 /* PBXContainerItemProxy */ = {
			isa = PBXContainerItemProxy;
			containerPortal = 752E89FC29EE568F0049E5E1 /* Project object */;
			proxyType = 1;
			remoteGlobalIDString = 752E8A1829EE57390049E5E1;
			remoteInfo = PCKeyboard;
		};
/* End PBXContainerItemProxy section */

/* Begin PBXCopyFilesBuildPhase section */
		752E8A2429EE573A0049E5E1 /* Embed Foundation Extensions */ = {
			isa = PBXCopyFilesBuildPhase;
			buildActionMask = 2147483647;
			dstPath = "";
			dstSubfolderSpec = 13;
			files = (
				752E8A2029EE57390049E5E1 /* PCKeyboard.appex in Embed Foundation Extensions */,
			);
			name = "Embed Foundation Extensions";
			runOnlyForDeploymentPostprocessing = 0;
		};
/* End PBXCopyFilesBuildPhase section */

/* Begin PBXFileReference section */
		752E8A0429EE568F0049E5E1 /* PanCyr.app */ = {isa = PBXFileReference; explicitFileType = wrapper.application; includeInIndex = 0; path = PanCyr.app; sourceTree = BUILT_PRODUCTS_DIR; };
		752E8A0729EE568F0049E5E1 /* PanCyrApp.swift */ = {isa = PBXFileReference; lastKnownFileType = sourcecode.swift; path = PanCyrApp.swift; sourceTree = "<group>"; };
		752E8A0929EE568F0049E5E1 /* ContentView.swift */ = {isa = PBXFileReference; lastKnownFileType = sourcecode.swift; path = ContentView.swift; sourceTree = "<group>"; };
		752E8A0B29EE56940049E5E1 /* Assets.xcassets */ = {isa = PBXFileReference; lastKnownFileType = folder.assetcatalog; path = Assets.xcassets; sourceTree = "<group>"; };
		752E8A0E29EE56940049E5E1 /* Preview Assets.xcassets */ = {isa = PBXFileReference; lastKnownFileType = folder.assetcatalog; path = "Preview Assets.xcassets"; sourceTree = "<group>"; };
		752E8A1929EE57390049E5E1 /* PCKeyboard.appex */ = {isa = PBXFileReference; explicitFileType = "wrapper.app-extension"; includeInIndex = 0; path = PCKeyboard.appex; sourceTree = BUILT_PRODUCTS_DIR; };
		752E8A1B29EE57390049E5E1 /* KeyboardViewController.swift */ = {isa = PBXFileReference; lastKnownFileType = sourcecode.swift; path = KeyboardViewController.swift; sourceTree = "<group>"; };
		752E8A1D29EE57390049E5E1 /* Info.plist */ = {isa = PBXFileReference; lastKnownFileType = text.plist.xml; path = Info.plist; sourceTree = "<group>"; };
		752E8A2529EE62230049E5E1 /* KeyboardView.swift */ = {isa = PBXFileReference; lastKnownFileType = sourcecode.swift; path = KeyboardView.swift; sourceTree = "<group>"; };
/* End PBXFileReference section */

/* Begin PBXFrameworksBuildPhase section */
		752E8A0129EE568F0049E5E1 /* Frameworks */ = {
			isa = PBXFrameworksBuildPhase;
			buildActionMask = 2147483647;
			files = (
			);
			runOnlyForDeploymentPostprocessing = 0;
		};
		752E8A1629EE57390049E5E1 /* Frameworks */ = {
			isa = PBXFrameworksBuildPhase;
			buildActionMask = 2147483647;
			files = (
			);
			runOnlyForDeploymentPostprocessing = 0;
		};
/* End PBXFrameworksBuildPhase section */

/* Begin PBXGroup section */
		752E89FB29EE568F0049E5E1 = {
			isa = PBXGroup;
			children = (
				752E8A0629EE568F0049E5E1 /* PanCyr */,
				752E8A1A29EE57390049E5E1 /* PCKeyboard */,
				752E8A0529EE568F0049E5E1 /* Products */,
			);
			sourceTree = "<group>";
		};
		752E8A0529EE568F0049E5E1 /* Products */ = {
			isa = PBXGroup;
			children = (
				752E8A0429EE568F0049E5E1 /* PanCyr.app */,
				752E8A1929EE57390049E5E1 /* PCKeyboard.appex */,
			);
			name = Products;
			sourceTree = "<group>";
		};
		752E8A0629EE568F0049E5E1 /* PanCyr */ = {
			isa = PBXGroup;
			children = (
				752E8A0729EE568F0049E5E1 /* PanCyrApp.swift */,
				752E8A0929EE568F0049E5E1 /* ContentView.swift */,
				752E8A0B29EE56940049E5E1 /* Assets.xcassets */,
				752E8A0D29EE56940049E5E1 /* Preview Content */,
			);
			path = PanCyr;
			sourceTree = "<group>";
		};
		752E8A0D29EE56940049E5E1 /* Preview Content */ = {
			isa = PBXGroup;
			children = (
				752E8A0E29EE56940049E5E1 /* Preview Assets.xcassets */,
			);
			path = "Preview Content";
			sourceTree = "<group>";
		};
		752E8A1A29EE57390049E5E1 /* PCKeyboard */ = {
			isa = PBXGroup;
			children = (
				752E8A1B29EE57390049E5E1 /* KeyboardViewController.swift */,
				752E8A1D29EE57390049E5E1 /* Info.plist */,
				752E8A2529EE62230049E5E1 /* KeyboardView.swift */,
			);
			path = PCKeyboard;
			sourceTree = "<group>";
		};
/* End PBXGroup section */

/* Begin PBXNativeTarget section */
		752E8A0329EE568F0049E5E1 /* PanCyr */ = {
			isa = PBXNativeTarget;
			buildConfigurationList = 752E8A1229EE56940049E5E1 /* Build configuration list for PBXNativeTarget "PanCyr" */;
			buildPhases = (
				752E8A0029EE568F0049E5E1 /* Sources */,
				752E8A0129EE568F0049E5E1 /* Frameworks */,
				752E8A0229EE568F0049E5E1 /* Resources */,
				752E8A2429EE573A0049E5E1 /* Embed Foundation Extensions */,
			);
			buildRules = (
			);
			dependencies = (
				752E8A1F29EE57390049E5E1 /* PBXTargetDependency */,
			);
			name = PanCyr;
			productName = PanCyr;
			productReference = 752E8A0429EE568F0049E5E1 /* PanCyr.app */;
			productType = "com.apple.product-type.application";
		};
		752E8A1829EE57390049E5E1 /* PCKeyboard */ = {
			isa = PBXNativeTarget;
			buildConfigurationList = 752E8A2129EE573A0049E5E1 /* Build configuration list for PBXNativeTarget "PCKeyboard" */;
			buildPhases = (
				752E8A1529EE57390049E5E1 /* Sources */,
				752E8A1629EE57390049E5E1 /* Frameworks */,
				752E8A1729EE57390049E5E1 /* Resources */,
			);
			buildRules = (
			);
			dependencies = (
			);
			name = PCKeyboard;
			productName = PCKeyboard;
			productReference = 752E8A1929EE57390049E5E1 /* PCKeyboard.appex */;
			productType = "com.apple.product-type.app-extension";
		};
/* End PBXNativeTarget section */

/* Begin PBXProject section */
		752E89FC29EE568F0049E5E1 /* Project object */ = {
			isa = PBXProject;
			attributes = {
				BuildIndependentTargetsInParallel = 1;
				LastSwiftUpdateCheck = 1420;
				LastUpgradeCheck = 1420;
				TargetAttributes = {
					752E8A0329EE568F0049E5E1 = {
						CreatedOnToolsVersion = 14.2;
					};
					752E8A1829EE57390049E5E1 = {
						CreatedOnToolsVersion = 14.2;
					};
				};
			};
			buildConfigurationList = 752E89FF29EE568F0049E5E1 /* Build configuration list for PBXProject "PanCyr" */;
			compatibilityVersion = "Xcode 14.0";
			developmentRegion = en;
			hasScannedForEncodings = 0;
			knownRegions = (
				en,
				Base,
			);
			mainGroup = 752E89FB29EE568F0049E5E1;
			productRefGroup = 752E8A0529EE568F0049E5E1 /* Products */;
			projectDirPath = "";
			projectRoot = "";
			targets = (
				752E8A0329EE568F0049E5E1 /* PanCyr */,
				752E8A1829EE57390049E5E1 /* PCKeyboard */,
			);
		};
/* End PBXProject section */

/* Begin PBXResourcesBuildPhase section */
		752E8A0229EE568F0049E5E1 /* Resources */ = {
			isa = PBXResourcesBuildPhase;
			buildActionMask = 2147483647;
			files = (
				752E8A0F29EE56940049E5E1 /* Preview Assets.xcassets in Resources */,
				752E8A0C29EE56940049E5E1 /* Assets.xcassets in Resources */,
			);
			runOnlyForDeploymentPostprocessing = 0;
		};
		752E8A1729EE57390049E5E1 /* Resources */ = {
			isa = PBXResourcesBuildPhase;
			buildActionMask = 2147483647;
			files = (
			);
			runOnlyForDeploymentPostprocessing = 0;
		};
/* End PBXResourcesBuildPhase section */

/* Begin PBXSourcesBuildPhase section */
		752E8A0029EE568F0049E5E1 /* Sources */ = {
			isa = PBXSourcesBuildPhase;
			buildActionMask = 2147483647;
			files = (
				752E8A0A29EE568F0049E5E1 /* ContentView.swift in Sources */,
				752E8A0829EE568F0049E5E1 /* PanCyrApp.swift in Sources */,
			);
			runOnlyForDeploymentPostprocessing = 0;
		};
		752E8A1529EE57390049E5E1 /* Sources */ = {
			isa = PBXSourcesBuildPhase;
			buildActionMask = 2147483647;
			files = (
				752E8A1C29EE57390049E5E1 /* KeyboardViewController.swift in Sources */,
				752E8A2629EE62240049E5E1 /* KeyboardView.swift in Sources */,
			);
			runOnlyForDeploymentPostprocessing = 0;
		};
/* End PBXSourcesBuildPhase section */

/* Begin PBXTargetDependency section */
		752E8A1F29EE57390049E5E1 /* PBXTargetDependency */ = {
			isa = PBXTargetDependency;
			target = 752E8A1829EE57390049E5E1 /* PCKeyboard */;
			targetProxy = 752E8A1E29EE57390049E5E1 /* PBXContainerItemProxy */;
		};
/* End PBXTargetDependency section */

/* Begin XCBuildConfiguration section */
		752E8A1029EE56940049E5E1 /* Debug */ = {
			isa = XCBuildConfiguration;
			buildSettings = {
				ALWAYS_SEARCH_USER_PATHS = NO;
				CLANG_ANALYZER_NONNULL = YES;
				CLANG_ANALYZER_NUMBER_OBJECT_CONVERSION = YES_AGGRESSIVE;
				CLANG_CXX_LANGUAGE_STANDARD = "gnu++20";
				CLANG_ENABLE_MODULES = YES;
				CLANG_ENABLE_OBJC_ARC = YES;
				CLANG_ENABLE_OBJC_WEAK = YES;
				CLANG_WARN_BLOCK_CAPTURE_AUTORELEASING = YES;
				CLANG_WARN_BOOL_CONVERSION = YES;
				CLANG_WARN_COMMA = YES;
				CLANG_WARN_CONSTANT_CONVERSION = YES;
				CLANG_WARN_DEPRECATED_OBJC_IMPLEMENTATIONS = YES;
				CLANG_WARN_DIRECT_OBJC_ISA_USAGE = YES_ERROR;
				CLANG_WARN_DOCUMENTATION_COMMENTS = YES;
				CLANG_WARN_EMPTY_BODY = YES;
				CLANG_WARN_ENUM_CONVERSION = YES;
				CLANG_WARN_INFINITE_RECURSION = YES;
				CLANG_WARN_INT_CONVERSION = YES;
				CLANG_WARN_NON_LITERAL_NULL_CONVERSION = YES;
				CLANG_WARN_OBJC_IMPLICIT_RETAIN_SELF = YES;
				CLANG_WARN_OBJC_LITERAL_CONVERSION = YES;
				CLANG_WARN_OBJC_ROOT_CLASS = YES_ERROR;
				CLANG_WARN_QUOTED_INCLUDE_IN_FRAMEWORK_HEADER = YES;
				CLANG_WARN_RANGE_LOOP_ANALYSIS = YES;
				CLANG_WARN_STRICT_PROTOTYPES = YES;
				CLANG_WARN_SUSPICIOUS_MOVE = YES;
				CLANG_WARN_UNGUARDED_AVAILABILITY = YES_AGGRESSIVE;
				CLANG_WARN_UNREACHABLE_CODE = YES;
				CLANG_WARN__DUPLICATE_METHOD_MATCH = YES;
				COPY_PHASE_STRIP = NO;
				DEBUG_INFORMATION_FORMAT = dwarf;
				ENABLE_STRICT_OBJC_MSGSEND = YES;
				ENABLE_TESTABILITY = YES;
				GCC_C_LANGUAGE_STANDARD = gnu11;
				GCC_DYNAMIC_NO_PIC = NO;
				GCC_NO_COMMON_BLOCKS = YES;
				GCC_OPTIMIZATION_LEVEL = 0;
				GCC_PREPROCESSOR_DEFINITIONS = (
					"DEBUG=1",
					"$(inherited)",
				);
				GCC_WARN_64_TO_32_BIT_CONVERSION = YES;
				GCC_WARN_ABOUT_RETURN_TYPE = YES_ERROR;
				GCC_WARN_UNDECLARED_SELECTOR = YES;
				GCC_WARN_UNINITIALIZED_AUTOS = YES_AGGRESSIVE;
				GCC_WARN_UNUSED_FUNCTION = YES;
				GCC_WARN_UNUSED_VARIABLE = YES;
				IPHONEOS_DEPLOYMENT_TARGET = 16.2;
				MTL_ENABLE_DEBUG_INFO = INCLUDE_SOURCE;
				MTL_FAST_MATH = YES;
				ONLY_ACTIVE_ARCH = YES;
				SDKROOT = iphoneos;
				SWIFT_ACTIVE_COMPILATION_CONDITIONS = DEBUG;
				SWIFT_OPTIMIZATION_LEVEL = "-Onone";
			};
			name = Debug;
		};
		752E8A1129EE56940049E5E1 /* Release */ = {
			isa = XCBuildConfiguration;
			buildSettings = {
				ALWAYS_SEARCH_USER_PATHS = NO;
				CLANG_ANALYZER_NONNULL = YES;
				CLANG_ANALYZER_NUMBER_OBJECT_CONVERSION = YES_AGGRESSIVE;
				CLANG_CXX_LANGUAGE_STANDARD = "gnu++20";
				CLANG_ENABLE_MODULES = YES;
				CLANG_ENABLE_OBJC_ARC = YES;
				CLANG_ENABLE_OBJC_WEAK = YES;
				CLANG_WARN_BLOCK_CAPTURE_AUTORELEASING = YES;
				CLANG_WARN_BOOL_CONVERSION = YES;
				CLANG_WARN_COMMA = YES;
				CLANG_WARN_CONSTANT_CONVERSION = YES;
				CLANG_WARN_DEPRECATED_OBJC_IMPLEMENTATIONS = YES;
				CLANG_WARN_DIRECT_OBJC_ISA_USAGE = YES_ERROR;
				CLANG_WARN_DOCUMENTATION_COMMENTS = YES;
				CLANG_WARN_EMPTY_BODY = YES;
				CLANG_WARN_ENUM_CONVERSION = YES;
				CLANG_WARN_INFINITE_RECURSION = YES;
				CLANG_WARN_INT_CONVERSION = YES;
				CLANG_WARN_NON_LITERAL_NULL_CONVERSION = YES;
				CLANG_WARN_OBJC_IMPLICIT_RETAIN_SELF = YES;
				CLANG_WARN_OBJC_LITERAL_CONVERSION = YES;
				CLANG_WARN_OBJC_ROOT_CLASS = YES_ERROR;
				CLANG_WARN_QUOTED_INCLUDE_IN_FRAMEWORK_HEADER = YES;
				CLANG_WARN_RANGE_LOOP_ANALYSIS = YES;
				CLANG_WARN_STRICT_PROTOTYPES = YES;
				CLANG_WARN_SUSPICIOUS_MOVE = YES;
				CLANG_WARN_UNGUARDED_AVAILABILITY = YES_AGGRESSIVE;
				CLANG_WARN_UNREACHABLE_CODE = YES;
				CLANG_WARN__DUPLICATE_METHOD_MATCH = YES;
				COPY_PHASE_STRIP = NO;
				DEBUG_INFORMATION_FORMAT = "dwarf-with-dsym";
				ENABLE_NS_ASSERTIONS = NO;
				ENABLE_STRICT_OBJC_MSGSEND = YES;
				GCC_C_LANGUAGE_STANDARD = gnu11;
				GCC_NO_COMMON_BLOCKS = YES;
				GCC_WARN_64_TO_32_BIT_CONVERSION = YES;
				GCC_WARN_ABOUT_RETURN_TYPE = YES_ERROR;
				GCC_WARN_UNDECLARED_SELECTOR = YES;
				GCC_WARN_UNINITIALIZED_AUTOS = YES_AGGRESSIVE;
				GCC_WARN_UNUSED_FUNCTION = YES;
				GCC_WARN_UNUSED_VARIABLE = YES;
				IPHONEOS_DEPLOYMENT_TARGET = 16.2;
				MTL_ENABLE_DEBUG_INFO = NO;
				MTL_FAST_MATH = YES;
				SDKROOT = iphoneos;
				SWIFT_COMPILATION_MODE = wholemodule;
				SWIFT_OPTIMIZATION_LEVEL = "-O";
				VALIDATE_PRODUCT = YES;
			};
			name = Release;
		};
		752E8A1329EE56940049E5E1 /* Debug */ = {
			isa = XCBuildConfiguration;
			buildSettings = {
				ALWAYS_EMBED_SWIFT_STANDARD_LIBRARIES = YES;
				ASSETCATALOG_COMPILER_APPICON_NAME = AppIcon;
				ASSETCATALOG_COMPILER_GLOBAL_ACCENT_COLOR_NAME = AccentColor;
				CODE_SIGN_STYLE = Automatic;
				CURRENT_PROJECT_VERSION = 1;
				DEVELOPMENT_ASSET_PATHS = "\"PanCyr/Preview Content\"";
				ENABLE_PREVIEWS = YES;
				GENERATE_INFOPLIST_FILE = YES;
				INFOPLIST_KEY_UIApplicationSceneManifest_Generation = YES;
				INFOPLIST_KEY_UIApplicationSupportsIndirectInputEvents = YES;
				INFOPLIST_KEY_UILaunchScreen_Generation = YES;
				INFOPLIST_KEY_UISupportedInterfaceOrientations_iPad = "UIInterfaceOrientationPortrait UIInterfaceOrientationPortraitUpsideDown UIInterfaceOrientationLandscapeLeft UIInterfaceOrientationLandscapeRight";
				INFOPLIST_KEY_UISupportedInterfaceOrientations_iPhone = "UIInterfaceOrientationPortrait UIInterfaceOrientationLandscapeLeft UIInterfaceOrientationLandscapeRight";
				LD_RUNPATH_SEARCH_PATHS = (
					"$(inherited)",
					"@executable_path/Frameworks",
				);
				MARKETING_VERSION = 1.0;
				PRODUCT_BUNDLE_IDENTIFIER = org.ceesaxp.PanCyr;
				PRODUCT_NAME = "$(TARGET_NAME)";
				SWIFT_EMIT_LOC_STRINGS = YES;
				SWIFT_VERSION = 5.0;
				TARGETED_DEVICE_FAMILY = "1,2";
			};
			name = Debug;
		};
		752E8A1429EE56940049E5E1 /* Release */ = {
			isa = XCBuildConfiguration;
			buildSettings = {
				ALWAYS_EMBED_SWIFT_STANDARD_LIBRARIES = YES;
				ASSETCATALOG_COMPILER_APPICON_NAME = AppIcon;
				ASSETCATALOG_COMPILER_GLOBAL_ACCENT_COLOR_NAME = AccentColor;
				CODE_SIGN_STYLE = Automatic;
				CURRENT_PROJECT_VERSION = 1;
				DEVELOPMENT_ASSET_PATHS = "\"PanCyr/Preview Content\"";
				ENABLE_PREVIEWS = YES;
				GENERATE_INFOPLIST_FILE = YES;
				INFOPLIST_KEY_UIApplicationSceneManifest_Generation = YES;
				INFOPLIST_KEY_UIApplicationSupportsIndirectInputEvents = YES;
				INFOPLIST_KEY_UILaunchScreen_Generation = YES;
				INFOPLIST_KEY_UISupportedInterfaceOrientations_iPad = "UIInterfaceOrientationPortrait UIInterfaceOrientationPortraitUpsideDown UIInterfaceOrientationLandscapeLeft UIInterfaceOrientationLandscapeRight";
				INFOPLIST_KEY_UISupportedInterfaceOrientations_iPhone = "UIInterfaceOrientationPortrait UIInterfaceOrientationLandscapeLeft UIInterfaceOrientationLandscapeRight";
				LD_RUNPATH_SEARCH_PATHS = (
					"$(inherited)",
					"@executable_path/Frameworks",
				);
				MARKETING_VERSION = 1.0;
				PRODUCT_BUNDLE_IDENTIFIER = org.ceesaxp.PanCyr;
				PRODUCT_NAME = "$(TARGET_NAME)";
				SWIFT_EMIT_LOC_STRINGS = YES;
				SWIFT_VERSION = 5.0;
				TARGETED_DEVICE_FAMILY = "1,2";
			};
			name = Release;
		};
		752E8A2229EE573A0049E5E1 /* Debug */ = {
			isa = XCBuildConfiguration;
			buildSettings = {
				CODE_SIGN_STYLE = Automatic;
				CURRENT_PROJECT_VERSION = 1;
				GENERATE_INFOPLIST_FILE = YES;
				INFOPLIST_FILE = PCKeyboard/Info.plist;
				INFOPLIST_KEY_CFBundleDisplayName = PCKeyboard;
				INFOPLIST_KEY_NSHumanReadableCopyright = "";
				LD_RUNPATH_SEARCH_PATHS = (
					"$(inherited)",
					"@executable_path/Frameworks",
					"@executable_path/../../Frameworks",
				);
				MARKETING_VERSION = 1.0;
				PRODUCT_BUNDLE_IDENTIFIER = org.ceesaxp.PanCyr.PCKeyboard;
				PRODUCT_NAME = "$(TARGET_NAME)";
				SKIP_INSTALL = YES;
				SWIFT_EMIT_LOC_STRINGS = YES;
				SWIFT_VERSION = 5.0;
				TARGETED_DEVICE_FAMILY = "1,2";
			};
			name = Debug;
		};
		752E8A2329EE573A0049E5E1 /* Release */ = {
			isa = XCBuildConfiguration;
			buildSettings = {
				CODE_SIGN_STYLE = Automatic;
				CURRENT_PROJECT_VERSION = 1;
				GENERATE_INFOPLIST_FILE = YES;
				INFOPLIST_FILE = PCKeyboard/Info.plist;
				INFOPLIST_KEY_CFBundleDisplayName = PCKeyboard;
				INFOPLIST_KEY_NSHumanReadableCopyright = "";
				LD_RUNPATH_SEARCH_PATHS = (
					"$(inherited)",
					"@executable_path/Frameworks",
					"@executable_path/../../Frameworks",
				);
				MARKETING_VERSION = 1.0;
				PRODUCT_BUNDLE_IDENTIFIER = org.ceesaxp.PanCyr.PCKeyboard;
				PRODUCT_NAME = "$(TARGET_NAME)";
				SKIP_INSTALL = YES;
				SWIFT_EMIT_LOC_STRINGS = YES;
				SWIFT_VERSION = 5.0;
				TARGETED_DEVICE_FAMILY = "1,2";
			};
			name = Release;
		};
/* End XCBuildConfiguration section */

/* Begin XCConfigurationList section */
		752E89FF29EE568F0049E5E1 /* Build configuration list for PBXProject "PanCyr" */ = {
			isa = XCConfigurationList;
			buildConfigurations = (
				752E8A1029EE56940049E5E1 /* Debug */,
				752E8A1129EE56940049E5E1 /* Release */,
			);
			defaultConfigurationIsVisible = 0;
			defaultConfigurationName = Release;
		};
		752E8A1229EE56940049E5E1 /* Build configuration list for PBXNativeTarget "PanCyr" */ = {
			isa = XCConfigurationList;
			buildConfigurations = (
				752E8A1329EE56940049E5E1 /* Debug */,
				752E8A1429EE56940049E5E1 /* Release */,
			);
			defaultConfigurationIsVisible = 0;
			defaultConfigurationName = Release;
		};
		752E8A2129EE573A0049E5E1 /* Build configuration list for PBXNativeTarget "PCKeyboard" */ = {
			isa = XCConfigurationList;
			buildConfigurations = (
				752E8A2229EE573A0049E5E1 /* Debug */,
				752E8A2329EE573A0049E5E1 /* Release */,
			);
			defaultConfigurationIsVisible = 0;
			defaultConfigurationName = Release;
		};
/* End XCConfigurationList section */
	};
	rootObject = 752E89FC29EE568F0049E5E1 /* Project object */;
}
